
Microsoft Visual Studio Solution File, Format Version 12.00
# Visual Studio Version 17
VisualStudioVersion = 17.9.34616.47
MinimumVisualStudioVersion = 10.0.40219.1
Project("{FAE04EC0-301F-11D3-BF4B-00C04F79EFBC}") = "4Quantrant", "4Quantrant.csproj", "{5FC328CA-22EA-4BC7-A5A3-1C517DDB5361}"
EndProject
Global
	GlobalSection(SolutionConfigurationPlatforms) = preSolution
		Debug|Any CPU = Debug|Any CPU
		Release|Any CPU = Release|Any CPU
	EndGlobalSection
	GlobalSection(ProjectConfigurationPlatforms) = postSolution
		{5FC328CA-22EA-4BC7-A5A3-1C517DDB5361}.Debug|Any CPU.ActiveCfg = Debug|Any CPU
		{5FC328CA-22EA-4BC7-A5A3-1C517DDB5361}.Debug|Any CPU.Build.0 = Debug|Any CPU
		{5FC328CA-22EA-4BC7-A5A3-1C517DDB5361}.Release|Any CPU.ActiveCfg = Release|Any CPU
		{5FC328CA-22EA-4BC7-A5A3-1C517DDB5361}.Release|Any CPU.Build.0 = Release|Any CPU
	EndGlobalSection
	GlobalSection(SolutionProperties) = preSolution
		HideSolutionNode = FALSE
	EndGlobalSection
	GlobalSection(ExtensibilityGlobals) = postSolution
		SolutionGuid = {64B0CA2F-FFC6-4D9C-AAC7-870E624F3514}
	EndGlobalSection
EndGlobal
